
Microsoft Visual Studio Solution File, Format Version 12.00
# Visual Studio Version 17
VisualStudioVersion = 17.3.32922.545
MinimumVisualStudioVersion = 10.0.40219.1
Project("{FAE04EC0-301F-11D3-BF4B-00C04F79EFBC}") = "FieldEngineerApi", "FieldEngineerApi.csproj", "{274DB20B-4FBB-4373-BE3F-2EDE94D68966}"
EndProject
Global
	GlobalSection(SolutionConfigurationPlatforms) = preSolution
		Debug|Any CPU = Debug|Any CPU
		Release|Any CPU = Release|Any CPU
	EndGlobalSection
	GlobalSection(ProjectConfigurationPlatforms) = postSolution
		{274DB20B-4FBB-4373-BE3F-2EDE94D68966}.Debug|Any CPU.ActiveCfg = Debug|Any CPU
		{274DB20B-4FBB-4373-BE3F-2EDE94D68966}.Debug|Any CPU.Build.0 = Debug|Any CPU
		{274DB20B-4FBB-4373-BE3F-2EDE94D68966}.Release|Any CPU.ActiveCfg = Release|Any CPU
		{274DB20B-4FBB-4373-BE3F-2EDE94D68966}.Release|Any CPU.Build.0 = Release|Any CPU
	EndGlobalSection
	GlobalSection(SolutionProperties) = preSolution
		HideSolutionNode = FALSE
	EndGlobalSection
	GlobalSection(ExtensibilityGlobals) = postSolution
		SolutionGuid = {02AB7570-97EF-4178-B843-D04F7AA74FCA}
	EndGlobalSection
EndGlobal
